PODS:
  - Alamofire (4.3.0)
  - AlamofireNetworkActivityIndicator (2.1.0):
    - Alamofire (~> 4.1)

DEPENDENCIES:
  - Alamofire (~> 4.3)
  - AlamofireNetworkActivityIndicator (~> 2.1)

SPEC CHECKSUMS:
  Alamofire: 856a113053a7bc9cbe5d6367a555d773fc5cfef7
  AlamofireNetworkActivityIndicator: 4716f6554bdfb9c7cf13b1e0e3af21163129690a

PODFILE CHECKSUM: efa6555265d8691f5fd0e8deecf7392b9174d9d6

COCOAPODS: 1.1.1
